
Microsoft Visual Studio Solution File, Format Version 12.00
# Visual Studio 15
VisualStudioVersion = 15.0.28307.705
MinimumVisualStudioVersion = 10.0.40219.1
Project("{9A19103F-16F7-4668-BE54-9A1E7A4F7556}") = "BossAssist", "BossAssist.csproj", "{F62C13DF-2885-44A6-8A40-1FE9E55C88BB}"
EndProject
Global
	GlobalSection(SolutionConfigurationPlatforms) = preSolution
		Debug|Any CPU = Debug|Any CPU
		Release|Any CPU = Release|Any CPU
	EndGlobalSection
	GlobalSection(ProjectConfigurationPlatforms) = postSolution
		{F62C13DF-2885-44A6-8A40-1FE9E55C88BB}.Debug|Any CPU.ActiveCfg = Debug|Any CPU
		{F62C13DF-2885-44A6-8A40-1FE9E55C88BB}.Debug|Any CPU.Build.0 = Debug|Any CPU
		{F62C13DF-2885-44A6-8A40-1FE9E55C88BB}.Release|Any CPU.ActiveCfg = Release|Any CPU
		{F62C13DF-2885-44A6-8A40-1FE9E55C88BB}.Release|Any CPU.Build.0 = Release|Any CPU
	EndGlobalSection
	GlobalSection(SolutionProperties) = preSolution
		HideSolutionNode = FALSE
	EndGlobalSection
	GlobalSection(ExtensibilityGlobals) = postSolution
		SolutionGuid = {D223206C-BA1F-482D-8741-54D906D25089}
	EndGlobalSection
EndGlobal
